
Microsoft Visual Studio Solution File, Format Version 12.00
# Visual Studio Version 17
VisualStudioVersion = 17.8.34511.84
MinimumVisualStudioVersion = 10.0.40219.1
Project("{FAE04EC0-301F-11D3-BF4B-00C04F79EFBC}") = "TP1", "TP1.csproj", "{5DDD84B7-8F9F-40D7-A136-49956EB4A451}"
EndProject
Global
	GlobalSection(SolutionConfigurationPlatforms) = preSolution
		Debug|Any CPU = Debug|Any CPU
		Release|Any CPU = Release|Any CPU
	EndGlobalSection
	GlobalSection(ProjectConfigurationPlatforms) = postSolution
		{5DDD84B7-8F9F-40D7-A136-49956EB4A451}.Debug|Any CPU.ActiveCfg = Debug|Any CPU
		{5DDD84B7-8F9F-40D7-A136-49956EB4A451}.Debug|Any CPU.Build.0 = Debug|Any CPU
		{5DDD84B7-8F9F-40D7-A136-49956EB4A451}.Release|Any CPU.ActiveCfg = Release|Any CPU
		{5DDD84B7-8F9F-40D7-A136-49956EB4A451}.Release|Any CPU.Build.0 = Release|Any CPU
	EndGlobalSection
	GlobalSection(SolutionProperties) = preSolution
		HideSolutionNode = FALSE
	EndGlobalSection
	GlobalSection(ExtensibilityGlobals) = postSolution
		SolutionGuid = {68679AA1-2BC5-471B-A40A-4A6BB80E5211}
	EndGlobalSection
EndGlobal
